// !$*UTF8*$!
{
	archiveVersion = 1;
	classes = {
	};
	objectVersion = 50;
	objects = {

/* Begin PBXBuildFile section */
		7023D0302590DCA500952B05 /* CoreDataManager.swift in Sources */ = {isa = PBXBuildFile; fileRef = 7023D0242590DCA400952B05 /* CoreDataManager.swift */; };
		7023D0312590DCA500952B05 /* Preview Content in Resources */ = {isa = PBXBuildFile; fileRef = 7023D0252590DCA400952B05 /* Preview Content */; };
		7023D0322590DCA500952B05 /* Assets.xcassets in Resources */ = {isa = PBXBuildFile; fileRef = 7023D0262590DCA400952B05 /* Assets.xcassets */; };
		7023D0332590DCA500952B05 /* CalendarView.swift in Sources */ = {isa = PBXBuildFile; fileRef = 7023D0272590DCA400952B05 /* CalendarView.swift */; };
		7023D0342590DCA500952B05 /* PopoverCondition.swift in Sources */ = {isa = PBXBuildFile; fileRef = 7023D0282590DCA400952B05 /* PopoverCondition.swift */; };
		7023D0392590DCA500952B05 /* BookButton.swift in Sources */ = {isa = PBXBuildFile; fileRef = 7023D02D2590DCA500952B05 /* BookButton.swift */; };
		7023D03A2590DCA500952B05 /* CoreDataModel.xcdatamodeld in Sources */ = {isa = PBXBuildFile; fileRef = 7023D02E2590DCA500952B05 /* CoreDataModel.xcdatamodeld */; };
		7023D0532590DDC100952B05 /* Reservation+CoreDataClass.swift in Sources */ = {isa = PBXBuildFile; fileRef = 7023D0512590DDC100952B05 /* Reservation+CoreDataClass.swift */; };
		7023D0542590DDC100952B05 /* Reservation+CoreDataProperties.swift in Sources */ = {isa = PBXBuildFile; fileRef = 7023D0522590DDC100952B05 /* Reservation+CoreDataProperties.swift */; };
		7023D06425943D1500952B05 /* ShowReservation.swift in Sources */ = {isa = PBXBuildFile; fileRef = 7023D06325943D1500952B05 /* ShowReservation.swift */; };
		7034A20C255FC5690024EF55 /* WeekDataManager.swift in Sources */ = {isa = PBXBuildFile; fileRef = 7034A20B255FC5690024EF55 /* WeekDataManager.swift */; };
		70AB6E18254572B2008B458A /* App.plist in Resources */ = {isa = PBXBuildFile; fileRef = 70AB6E17254572B2008B458A /* App.plist */; };
		70FC77432557788400F055CE /* MonthDataManger.swift in Sources */ = {isa = PBXBuildFile; fileRef = 70FC77422557788400F055CE /* MonthDataManger.swift */; };
		CE5E62802540666C00669091 /* TestCalApp.swift in Sources */ = {isa = PBXBuildFile; fileRef = CE5E627F2540666C00669091 /* TestCalApp.swift */; };
		CE5E62822540666C00669091 /* ContentView.swift in Sources */ = {isa = PBXBuildFile; fileRef = CE5E62812540666C00669091 /* ContentView.swift */; };
		CE5E62872540667500669091 /* Preview Assets.xcassets in Resources */ = {isa = PBXBuildFile; fileRef = CE5E62862540667500669091 /* Preview Assets.xcassets */; };
		CE5E62922540667500669091 /* TestCalTests.swift in Sources */ = {isa = PBXBuildFile; fileRef = CE5E62912540667500669091 /* TestCalTests.swift */; };
		CE5E629D2540667500669091 /* TestCalUITests.swift in Sources */ = {isa = PBXBuildFile; fileRef = CE5E629C2540667500669091 /* TestCalUITests.swift */; };
		CE5E62AE254067A100669091 /* DefaultWorkScheduleLoader.swift in Sources */ = {isa = PBXBuildFile; fileRef = CE5E62AD254067A100669091 /* DefaultWorkScheduleLoader.swift */; };
/* End PBXBuildFile section */

/* Begin PBXContainerItemProxy section */
		CE5E628E2540667500669091 /* PBXContainerItemProxy */ = {
			isa = PBXContainerItemProxy;
			containerPortal = CE5E62742540666C00669091 /* Project object */;
			proxyType = 1;
			remoteGlobalIDString = CE5E627B2540666C00669091;
			remoteInfo = MenardCal;
		};
		CE5E62992540667500669091 /* PBXContainerItemProxy */ = {
			isa = PBXContainerItemProxy;
			containerPortal = CE5E62742540666C00669091 /* Project object */;
			proxyType = 1;
			remoteGlobalIDString = CE5E627B2540666C00669091;
			remoteInfo = MenardCal;
		};
/* End PBXContainerItemProxy section */

/* Begin PBXFileReference section */
		7023D0242590DCA400952B05 /* CoreDataManager.swift */ = {isa = PBXFileReference; fileEncoding = 4; lastKnownFileType = sourcecode.swift; path = CoreDataManager.swift; sourceTree = "<group>"; };
		7023D0252590DCA400952B05 /* Preview Content */ = {isa = PBXFileReference; lastKnownFileType = folder; path = "Preview Content"; sourceTree = "<group>"; };
		7023D0262590DCA400952B05 /* Assets.xcassets */ = {isa = PBXFileReference; lastKnownFileType = folder.assetcatalog; path = Assets.xcassets; sourceTree = "<group>"; };
		7023D0272590DCA400952B05 /* CalendarView.swift */ = {isa = PBXFileReference; fileEncoding = 4; lastKnownFileType = sourcecode.swift; path = CalendarView.swift; sourceTree = "<group>"; };
		7023D0282590DCA400952B05 /* PopoverCondition.swift */ = {isa = PBXFileReference; fileEncoding = 4; lastKnownFileType = sourcecode.swift; path = PopoverCondition.swift; sourceTree = "<group>"; };
		7023D02D2590DCA500952B05 /* BookButton.swift */ = {isa = PBXFileReference; fileEncoding = 4; lastKnownFileType = sourcecode.swift; path = BookButton.swift; sourceTree = "<group>"; };
		7023D02F2590DCA500952B05 /* CoreDataModel.xcdatamodel */ = {isa = PBXFileReference; lastKnownFileType = wrapper.xcdatamodel; path = CoreDataModel.xcdatamodel; sourceTree = "<group>"; };
		7023D0512590DDC100952B05 /* Reservation+CoreDataClass.swift */ = {isa = PBXFileReference; lastKnownFileType = sourcecode.swift; path = "Reservation+CoreDataClass.swift"; sourceTree = "<group>"; };
		7023D0522590DDC100952B05 /* Reservation+CoreDataProperties.swift */ = {isa = PBXFileReference; lastKnownFileType = sourcecode.swift; path = "Reservation+CoreDataProperties.swift"; sourceTree = "<group>"; };
		7023D06325943D1500952B05 /* ShowReservation.swift */ = {isa = PBXFileReference; lastKnownFileType = sourcecode.swift; path = ShowReservation.swift; sourceTree = "<group>"; };
		7034A20B255FC5690024EF55 /* WeekDataManager.swift */ = {isa = PBXFileReference; lastKnownFileType = sourcecode.swift; path = WeekDataManager.swift; sourceTree = "<group>"; };
		70AB6E17254572B2008B458A /* App.plist */ = {isa = PBXFileReference; lastKnownFileType = text.plist.xml; path = App.plist; sourceTree = "<group>"; };
		70FC77422557788400F055CE /* MonthDataManger.swift */ = {isa = PBXFileReference; lastKnownFileType = sourcecode.swift; path = MonthDataManger.swift; sourceTree = "<group>"; };
		CE5E627C2540666C00669091 /* TestCal.app */ = {isa = PBXFileReference; explicitFileType = wrapper.application; includeInIndex = 0; name = TestCal.app; path = "/Users/ibabangida/Documents/Program/Ahart/TestCal/build/Debug-iphoneos/TestCal.app"; sourceTree = "<absolute>"; };
		CE5E627F2540666C00669091 /* TestCalApp.swift */ = {isa = PBXFileReference; lastKnownFileType = sourcecode.swift; path = TestCalApp.swift; sourceTree = "<group>"; };
		CE5E62812540666C00669091 /* ContentView.swift */ = {isa = PBXFileReference; lastKnownFileType = sourcecode.swift; path = ContentView.swift; sourceTree = "<group>"; };
		CE5E62862540667500669091 /* Preview Assets.xcassets */ = {isa = PBXFileReference; lastKnownFileType = folder.assetcatalog; path = "Preview Assets.xcassets"; sourceTree = "<group>"; };
		CE5E62882540667500669091 /* Info.plist */ = {isa = PBXFileReference; lastKnownFileType = text.plist.xml; path = Info.plist; sourceTree = "<group>"; };
		CE5E628D2540667500669091 /* TestCalTests.xctest */ = {isa = PBXFileReference; explicitFileType = wrapper.cfbundle; includeInIndex = 0; name = TestCalTests.xctest; path = "/Users/ibabangida/Documents/Program/Ahart/TestCal/build/Debug-iphoneos/TestCalTests.xctest"; sourceTree = "<absolute>"; };
		CE5E62912540667500669091 /* TestCalTests.swift */ = {isa = PBXFileReference; lastKnownFileType = sourcecode.swift; path = TestCalTests.swift; sourceTree = "<group>"; };
		CE5E62932540667500669091 /* Info.plist */ = {isa = PBXFileReference; lastKnownFileType = text.plist.xml; path = Info.plist; sourceTree = "<group>"; };
		CE5E62982540667500669091 /* TestCalUITests.xctest */ = {isa = PBXFileReference; explicitFileType = wrapper.cfbundle; includeInIndex = 0; name = TestCalUITests.xctest; path = "/Users/ibabangida/Documents/Program/Ahart/TestCal/build/Debug-iphoneos/TestCalUITests.xctest"; sourceTree = "<absolute>"; };
		CE5E629C2540667500669091 /* TestCalUITests.swift */ = {isa = PBXFileReference; lastKnownFileType = sourcecode.swift; path = TestCalUITests.swift; sourceTree = "<group>"; };
		CE5E629E2540667500669091 /* Info.plist */ = {isa = PBXFileReference; lastKnownFileType = text.plist.xml; path = Info.plist; sourceTree = "<group>"; };
		CE5E62AD254067A100669091 /* DefaultWorkScheduleLoader.swift */ = {isa = PBXFileReference; lastKnownFileType = sourcecode.swift; path = DefaultWorkScheduleLoader.swift; sourceTree = "<group>"; };
/* End PBXFileReference section */

/* Begin PBXFrameworksBuildPhase section */
		CE5E62792540666C00669091 /* Frameworks */ = {
			isa = PBXFrameworksBuildPhase;
			buildActionMask = 2147483647;
			files = (
			);
			runOnlyForDeploymentPostprocessing = 0;
		};
		CE5E628A2540667500669091 /* Frameworks */ = {
			isa = PBXFrameworksBuildPhase;
			buildActionMask = 2147483647;
			files = (
			);
			runOnlyForDeploymentPostprocessing = 0;
		};
		CE5E62952540667500669091 /* Frameworks */ = {
			isa = PBXFrameworksBuildPhase;
			buildActionMask = 2147483647;
			files = (
			);
			runOnlyForDeploymentPostprocessing = 0;
		};
/* End PBXFrameworksBuildPhase section */

/* Begin PBXGroup section */
		CE5E62732540666C00669091 = {
			isa = PBXGroup;
			children = (
				CE5E627E2540666C00669091 /* TestCal */,
				CE5E62902540667500669091 /* TestCalTests */,
				CE5E629B2540667500669091 /* TestCalUITests */,
			);
			sourceTree = "<group>";
		};
		CE5E627E2540666C00669091 /* TestCal */ = {
			isa = PBXGroup;
			children = (
				7023D0252590DCA400952B05 /* Preview Content */,
				70AB6E17254572B2008B458A /* App.plist */,
				CE5E62882540667500669091 /* Info.plist */,
				7023D02D2590DCA500952B05 /* BookButton.swift */,
				7023D0272590DCA400952B05 /* CalendarView.swift */,
				CE5E62812540666C00669091 /* ContentView.swift */,
				7023D06325943D1500952B05 /* ShowReservation.swift */,
				7023D0242590DCA400952B05 /* CoreDataManager.swift */,
				CE5E62AD254067A100669091 /* DefaultWorkScheduleLoader.swift */,
				70FC77422557788400F055CE /* MonthDataManger.swift */,
				7023D0282590DCA400952B05 /* PopoverCondition.swift */,
				7023D0512590DDC100952B05 /* Reservation+CoreDataClass.swift */,
				7023D0522590DDC100952B05 /* Reservation+CoreDataProperties.swift */,
				CE5E627F2540666C00669091 /* TestCalApp.swift */,
				7034A20B255FC5690024EF55 /* WeekDataManager.swift */,
				7023D0262590DCA400952B05 /* Assets.xcassets */,
				7023D02E2590DCA500952B05 /* CoreDataModel.xcdatamodeld */,
				CE5E62852540667500669091 /* Preview Content */,
			);
			path = TestCal;
			sourceTree = "<group>";
		};
		CE5E62852540667500669091 /* Preview Content */ = {
			isa = PBXGroup;
			children = (
				CE5E62862540667500669091 /* Preview Assets.xcassets */,
			);
			path = "Preview Content";
			sourceTree = "<group>";
		};
		CE5E62902540667500669091 /* TestCalTests */ = {
			isa = PBXGroup;
			children = (
				CE5E62912540667500669091 /* TestCalTests.swift */,
				CE5E62932540667500669091 /* Info.plist */,
			);
			path = TestCalTests;
			sourceTree = "<group>";
		};
		CE5E629B2540667500669091 /* TestCalUITests */ = {
			isa = PBXGroup;
			children = (
				CE5E629C2540667500669091 /* TestCalUITests.swift */,
				CE5E629E2540667500669091 /* Info.plist */,
			);
			path = TestCalUITests;
			sourceTree = "<group>";
		};
/* End PBXGroup section */

/* Begin PBXNativeTarget section */
		CE5E627B2540666C00669091 /* TestCal */ = {
			isa = PBXNativeTarget;
			buildConfigurationList = CE5E62A12540667500669091 /* Build configuration list for PBXNativeTarget "TestCal" */;
			buildPhases = (
				CE5E62782540666C00669091 /* Sources */,
				CE5E62792540666C00669091 /* Frameworks */,
				CE5E627A2540666C00669091 /* Resources */,
			);
			buildRules = (
			);
			dependencies = (
			);
			name = TestCal;
			productName = MenardCal;
			productReference = CE5E627C2540666C00669091 /* TestCal.app */;
			productType = "com.apple.product-type.application";
		};
		CE5E628C2540667500669091 /* TestCalTests */ = {
			isa = PBXNativeTarget;
			buildConfigurationList = CE5E62A42540667500669091 /* Build configuration list for PBXNativeTarget "TestCalTests" */;
			buildPhases = (
				CE5E62892540667500669091 /* Sources */,
				CE5E628A2540667500669091 /* Frameworks */,
				CE5E628B2540667500669091 /* Resources */,
			);
			buildRules = (
			);
			dependencies = (
				CE5E628F2540667500669091 /* PBXTargetDependency */,
			);
			name = TestCalTests;
			productName = MenardCalTests;
			productReference = CE5E628D2540667500669091 /* TestCalTests.xctest */;
			productType = "com.apple.product-type.bundle.unit-test";
		};
		CE5E62972540667500669091 /* TestCalUITests */ = {
			isa = PBXNativeTarget;
			buildConfigurationList = CE5E62A72540667500669091 /* Build configuration list for PBXNativeTarget "TestCalUITests" */;
			buildPhases = (
				CE5E62942540667500669091 /* Sources */,
				CE5E62952540667500669091 /* Frameworks */,
				CE5E62962540667500669091 /* Resources */,
			);
			buildRules = (
			);
			dependencies = (
				CE5E629A2540667500669091 /* PBXTargetDependency */,
			);
			name = TestCalUITests;
			productName = MenardCalUITests;
			productReference = CE5E62982540667500669091 /* TestCalUITests.xctest */;
			productType = "com.apple.product-type.bundle.ui-testing";
		};
/* End PBXNativeTarget section */

/* Begin PBXProject section */
		CE5E62742540666C00669091 /* Project object */ = {
			isa = PBXProject;
			attributes = {
				LastSwiftUpdateCheck = 1210;
				LastUpgradeCheck = 1210;
				TargetAttributes = {
					CE5E627B2540666C00669091 = {
						CreatedOnToolsVersion = 12.1;
					};
					CE5E628C2540667500669091 = {
						CreatedOnToolsVersion = 12.1;
						TestTargetID = CE5E627B2540666C00669091;
					};
					CE5E62972540667500669091 = {
						CreatedOnToolsVersion = 12.1;
						TestTargetID = CE5E627B2540666C00669091;
					};
				};
			};
			buildConfigurationList = CE5E62772540666C00669091 /* Build configuration list for PBXProject "TestCal" */;
			compatibilityVersion = "Xcode 9.3";
			developmentRegion = en;
			hasScannedForEncodings = 0;
			knownRegions = (
				en,
				Base,
			);
			mainGroup = CE5E62732540666C00669091;
			productRefGroup = CE5E62732540666C00669091;
			projectDirPath = "";
			projectRoot = "";
			targets = (
				CE5E627B2540666C00669091 /* TestCal */,
				CE5E628C2540667500669091 /* TestCalTests */,
				CE5E62972540667500669091 /* TestCalUITests */,
			);
		};
/* End PBXProject section */

/* Begin PBXResourcesBuildPhase section */
		CE5E627A2540666C00669091 /* Resources */ = {
			isa = PBXResourcesBuildPhase;
			buildActionMask = 2147483647;
			files = (
				7023D0312590DCA500952B05 /* Preview Content in Resources */,
				70AB6E18254572B2008B458A /* App.plist in Resources */,
				CE5E62872540667500669091 /* Preview Assets.xcassets in Resources */,
				7023D0322590DCA500952B05 /* Assets.xcassets in Resources */,
			);
			runOnlyForDeploymentPostprocessing = 0;
		};
		CE5E628B2540667500669091 /* Resources */ = {
			isa = PBXResourcesBuildPhase;
			buildActionMask = 2147483647;
			files = (
			);
			runOnlyForDeploymentPostprocessing = 0;
		};
		CE5E62962540667500669091 /* Resources */ = {
			isa = PBXResourcesBuildPhase;
			buildActionMask = 2147483647;
			files = (
			);
			runOnlyForDeploymentPostprocessing = 0;
		};
/* End PBXResourcesBuildPhase section */

/* Begin PBXSourcesBuildPhase section */
		CE5E62782540666C00669091 /* Sources */ = {
			isa = PBXSourcesBuildPhase;
			buildActionMask = 2147483647;
			files = (
				7023D0302590DCA500952B05 /* CoreDataManager.swift in Sources */,
				7023D06425943D1500952B05 /* ShowReservation.swift in Sources */,
				7023D0332590DCA500952B05 /* CalendarView.swift in Sources */,
				7023D0532590DDC100952B05 /* Reservation+CoreDataClass.swift in Sources */,
				7034A20C255FC5690024EF55 /* WeekDataManager.swift in Sources */,
				7023D0342590DCA500952B05 /* PopoverCondition.swift in Sources */,
				CE5E62AE254067A100669091 /* DefaultWorkScheduleLoader.swift in Sources */,
				7023D0392590DCA500952B05 /* BookButton.swift in Sources */,
				70FC77432557788400F055CE /* MonthDataManger.swift in Sources */,
				7023D0542590DDC100952B05 /* Reservation+CoreDataProperties.swift in Sources */,
				CE5E62822540666C00669091 /* ContentView.swift in Sources */,
				CE5E62802540666C00669091 /* TestCalApp.swift in Sources */,
				7023D03A2590DCA500952B05 /* CoreDataModel.xcdatamodeld in Sources */,
			);
			runOnlyForDeploymentPostprocessing = 0;
		};
		CE5E62892540667500669091 /* Sources */ = {
			isa = PBXSourcesBuildPhase;
			buildActionMask = 2147483647;
			files = (
				CE5E62922540667500669091 /* TestCalTests.swift in Sources */,
			);
			runOnlyForDeploymentPostprocessing = 0;
		};
		CE5E62942540667500669091 /* Sources */ = {
			isa = PBXSourcesBuildPhase;
			buildActionMask = 2147483647;
			files = (
				CE5E629D2540667500669091 /* TestCalUITests.swift in Sources */,
			);
			runOnlyForDeploymentPostprocessing = 0;
		};
/* End PBXSourcesBuildPhase section */

/* Begin PBXTargetDependency section */
		CE5E628F2540667500669091 /* PBXTargetDependency */ = {
			isa = PBXTargetDependency;
			target = CE5E627B2540666C00669091 /* TestCal */;
			targetProxy = CE5E628E2540667500669091 /* PBXContainerItemProxy */;
		};
		CE5E629A2540667500669091 /* PBXTargetDependency */ = {
			isa = PBXTargetDependency;
			target = CE5E627B2540666C00669091 /* TestCal */;
			targetProxy = CE5E62992540667500669091 /* PBXContainerItemProxy */;
		};
/* End PBXTargetDependency section */

/* Begin XCBuildConfiguration section */
		CE5E629F2540667500669091 /* Debug */ = {
			isa = XCBuildConfiguration;
			buildSettings = {
				ALWAYS_SEARCH_USER_PATHS = NO;
				CLANG_ANALYZER_NONNULL = YES;
				CLANG_ANALYZER_NUMBER_OBJECT_CONVERSION = YES_AGGRESSIVE;
				CLANG_CXX_LANGUAGE_STANDARD = "gnu++14";
				CLANG_CXX_LIBRARY = "libc++";
				CLANG_ENABLE_MODULES = YES;
				CLANG_ENABLE_OBJC_ARC = YES;
				CLANG_ENABLE_OBJC_WEAK = YES;
				CLANG_WARN_BLOCK_CAPTURE_AUTORELEASING = YES;
				CLANG_WARN_BOOL_CONVERSION = YES;
				CLANG_WARN_COMMA = YES;
				CLANG_WARN_CONSTANT_CONVERSION = YES;
				CLANG_WARN_DEPRECATED_OBJC_IMPLEMENTATIONS = YES;
				CLANG_WARN_DIRECT_OBJC_ISA_USAGE = YES_ERROR;
				CLANG_WARN_DOCUMENTATION_COMMENTS = YES;
				CLANG_WARN_EMPTY_BODY = YES;
				CLANG_WARN_ENUM_CONVERSION = YES;
				CLANG_WARN_INFINITE_RECURSION = YES;
				CLANG_WARN_INT_CONVERSION = YES;
				CLANG_WARN_NON_LITERAL_NULL_CONVERSION = YES;
				CLANG_WARN_OBJC_IMPLICIT_RETAIN_SELF = YES;
				CLANG_WARN_OBJC_LITERAL_CONVERSION = YES;
				CLANG_WARN_OBJC_ROOT_CLASS = YES_ERROR;
				CLANG_WARN_QUOTED_INCLUDE_IN_FRAMEWORK_HEADER = YES;
				CLANG_WARN_RANGE_LOOP_ANALYSIS = YES;
				CLANG_WARN_STRICT_PROTOTYPES = YES;
				CLANG_WARN_SUSPICIOUS_MOVE = YES;
				CLANG_WARN_UNGUARDED_AVAILABILITY = YES_AGGRESSIVE;
				CLANG_WARN_UNREACHABLE_CODE = YES;
				CLANG_WARN__DUPLICATE_METHOD_MATCH = YES;
				COPY_PHASE_STRIP = NO;
				DEBUG_INFORMATION_FORMAT = dwarf;
				ENABLE_STRICT_OBJC_MSGSEND = YES;
				ENABLE_TESTABILITY = YES;
				GCC_C_LANGUAGE_STANDARD = gnu11;
				GCC_DYNAMIC_NO_PIC = NO;
				GCC_NO_COMMON_BLOCKS = YES;
				GCC_OPTIMIZATION_LEVEL = 0;
				GCC_PREPROCESSOR_DEFINITIONS = (
					"DEBUG=1",
					"$(inherited)",
				);
				GCC_WARN_64_TO_32_BIT_CONVERSION = YES;
				GCC_WARN_ABOUT_RETURN_TYPE = YES_ERROR;
				GCC_WARN_UNDECLARED_SELECTOR = YES;
				GCC_WARN_UNINITIALIZED_AUTOS = YES_AGGRESSIVE;
				GCC_WARN_UNUSED_FUNCTION = YES;
				GCC_WARN_UNUSED_VARIABLE = YES;
				IPHONEOS_DEPLOYMENT_TARGET = 14.1;
				MTL_ENABLE_DEBUG_INFO = INCLUDE_SOURCE;
				MTL_FAST_MATH = YES;
				ONLY_ACTIVE_ARCH = YES;
				SDKROOT = iphoneos;
				SWIFT_ACTIVE_COMPILATION_CONDITIONS = DEBUG;
				SWIFT_OPTIMIZATION_LEVEL = "-Onone";
			};
			name = Debug;
		};
		CE5E62A02540667500669091 /* Release */ = {
			isa = XCBuildConfiguration;
			buildSettings = {
				ALWAYS_SEARCH_USER_PATHS = NO;
				CLANG_ANALYZER_NONNULL = YES;
				CLANG_ANALYZER_NUMBER_OBJECT_CONVERSION = YES_AGGRESSIVE;
				CLANG_CXX_LANGUAGE_STANDARD = "gnu++14";
				CLANG_CXX_LIBRARY = "libc++";
				CLANG_ENABLE_MODULES = YES;
				CLANG_ENABLE_OBJC_ARC = YES;
				CLANG_ENABLE_OBJC_WEAK = YES;
				CLANG_WARN_BLOCK_CAPTURE_AUTORELEASING = YES;
				CLANG_WARN_BOOL_CONVERSION = YES;
				CLANG_WARN_COMMA = YES;
				CLANG_WARN_CONSTANT_CONVERSION = YES;
				CLANG_WARN_DEPRECATED_OBJC_IMPLEMENTATIONS = YES;
				CLANG_WARN_DIRECT_OBJC_ISA_USAGE = YES_ERROR;
				CLANG_WARN_DOCUMENTATION_COMMENTS = YES;
				CLANG_WARN_EMPTY_BODY = YES;
				CLANG_WARN_ENUM_CONVERSION = YES;
				CLANG_WARN_INFINITE_RECURSION = YES;
				CLANG_WARN_INT_CONVERSION = YES;
				CLANG_WARN_NON_LITERAL_NULL_CONVERSION = YES;
				CLANG_WARN_OBJC_IMPLICIT_RETAIN_SELF = YES;
				CLANG_WARN_OBJC_LITERAL_CONVERSION = YES;
				CLANG_WARN_OBJC_ROOT_CLASS = YES_ERROR;
				CLANG_WARN_QUOTED_INCLUDE_IN_FRAMEWORK_HEADER = YES;
				CLANG_WARN_RANGE_LOOP_ANALYSIS = YES;
				CLANG_WARN_STRICT_PROTOTYPES = YES;
				CLANG_WARN_SUSPICIOUS_MOVE = YES;
				CLANG_WARN_UNGUARDED_AVAILABILITY = YES_AGGRESSIVE;
				CLANG_WARN_UNREACHABLE_CODE = YES;
				CLANG_WARN__DUPLICATE_METHOD_MATCH = YES;
				COPY_PHASE_STRIP = NO;
				DEBUG_INFORMATION_FORMAT = "dwarf-with-dsym";
				ENABLE_NS_ASSERTIONS = NO;
				ENABLE_STRICT_OBJC_MSGSEND = YES;
				GCC_C_LANGUAGE_STANDARD = gnu11;
				GCC_NO_COMMON_BLOCKS = YES;
				GCC_WARN_64_TO_32_BIT_CONVERSION = YES;
				GCC_WARN_ABOUT_RETURN_TYPE = YES_ERROR;
				GCC_WARN_UNDECLARED_SELECTOR = YES;
				GCC_WARN_UNINITIALIZED_AUTOS = YES_AGGRESSIVE;
				GCC_WARN_UNUSED_FUNCTION = YES;
				GCC_WARN_UNUSED_VARIABLE = YES;
				IPHONEOS_DEPLOYMENT_TARGET = 14.1;
				MTL_ENABLE_DEBUG_INFO = NO;
				MTL_FAST_MATH = YES;
				SDKROOT = iphoneos;
				SWIFT_COMPILATION_MODE = wholemodule;
				SWIFT_OPTIMIZATION_LEVEL = "-O";
				VALIDATE_PRODUCT = YES;
			};
			name = Release;
		};
		CE5E62A22540667500669091 /* Debug */ = {
			isa = XCBuildConfiguration;
			buildSettings = {
				ASSETCATALOG_COMPILER_APPICON_NAME = AppIcon;
				ASSETCATALOG_COMPILER_GLOBAL_ACCENT_COLOR_NAME = AccentColor;
				CODE_SIGN_STYLE = Automatic;
				DEVELOPMENT_ASSET_PATHS = "\"TestCal/Preview Content\"";
				DEVELOPMENT_TEAM = 46Q4GVBUS8;
				ENABLE_PREVIEWS = YES;
				INFOPLIST_FILE = TestCal/Info.plist;
				IPHONEOS_DEPLOYMENT_TARGET = 14.0;
				LD_RUNPATH_SEARCH_PATHS = (
					"$(inherited)",
					"@executable_path/Frameworks",
				);
				PRODUCT_BUNDLE_IDENTIFIER = com.iba.TestCal;
				PRODUCT_NAME = "$(TARGET_NAME)";
				SWIFT_VERSION = 5.0;
				TARGETED_DEVICE_FAMILY = "1,2";
			};
			name = Debug;
		};
		CE5E62A32540667500669091 /* Release */ = {
			isa = XCBuildConfiguration;
			buildSettings = {
				ASSETCATALOG_COMPILER_APPICON_NAME = AppIcon;
				ASSETCATALOG_COMPILER_GLOBAL_ACCENT_COLOR_NAME = AccentColor;
				CODE_SIGN_STYLE = Automatic;
				DEVELOPMENT_ASSET_PATHS = "\"TestCal/Preview Content\"";
				DEVELOPMENT_TEAM = 46Q4GVBUS8;
				ENABLE_PREVIEWS = YES;
				INFOPLIST_FILE = TestCal/Info.plist;
				IPHONEOS_DEPLOYMENT_TARGET = 14.0;
				LD_RUNPATH_SEARCH_PATHS = (
					"$(inherited)",
					"@executable_path/Frameworks",
				);
				PRODUCT_BUNDLE_IDENTIFIER = com.iba.TestCal;
				PRODUCT_NAME = "$(TARGET_NAME)";
				SWIFT_VERSION = 5.0;
				TARGETED_DEVICE_FAMILY = "1,2";
			};
			name = Release;
		};
		CE5E62A52540667500669091 /* Debug */ = {
			isa = XCBuildConfiguration;
			buildSettings = {
				ALWAYS_EMBED_SWIFT_STANDARD_LIBRARIES = YES;
				BUNDLE_LOADER = "$(TEST_HOST)";
				CODE_SIGN_STYLE = Automatic;
				DEVELOPMENT_TEAM = 46Q4GVBUS8;
				INFOPLIST_FILE = TestCalTests/Info.plist;
				IPHONEOS_DEPLOYMENT_TARGET = 14.0;
				LD_RUNPATH_SEARCH_PATHS = (
					"$(inherited)",
					"@executable_path/Frameworks",
					"@loader_path/Frameworks",
				);
				PRODUCT_BUNDLE_IDENTIFIER = com.iba.TestCalTests;
				PRODUCT_NAME = "$(TARGET_NAME)";
				SWIFT_VERSION = 5.0;
				TARGETED_DEVICE_FAMILY = "1,2";
				TEST_HOST = "$(BUILT_PRODUCTS_DIR)/TestCal.app/TestCal";
			};
			name = Debug;
		};
		CE5E62A62540667500669091 /* Release */ = {
			isa = XCBuildConfiguration;
			buildSettings = {
				ALWAYS_EMBED_SWIFT_STANDARD_LIBRARIES = YES;
				BUNDLE_LOADER = "$(TEST_HOST)";
				CODE_SIGN_STYLE = Automatic;
				DEVELOPMENT_TEAM = 46Q4GVBUS8;
				INFOPLIST_FILE = TestCalTests/Info.plist;
				IPHONEOS_DEPLOYMENT_TARGET = 14.0;
				LD_RUNPATH_SEARCH_PATHS = (
					"$(inherited)",
					"@executable_path/Frameworks",
					"@loader_path/Frameworks",
				);
				PRODUCT_BUNDLE_IDENTIFIER = com.iba.TestCalTests;
				PRODUCT_NAME = "$(TARGET_NAME)";
				SWIFT_VERSION = 5.0;
				TARGETED_DEVICE_FAMILY = "1,2";
				TEST_HOST = "$(BUILT_PRODUCTS_DIR)/TestCal.app/TestCal";
			};
			name = Release;
		};
		CE5E62A82540667500669091 /* Debug */ = {
			isa = XCBuildConfiguration;
			buildSettings = {
				ALWAYS_EMBED_SWIFT_STANDARD_LIBRARIES = YES;
				CODE_SIGN_STYLE = Automatic;
				DEVELOPMENT_TEAM = 46Q4GVBUS8;
				INFOPLIST_FILE = TestCalUITests/Info.plist;
				LD_RUNPATH_SEARCH_PATHS = (
					"$(inherited)",
					"@executable_path/Frameworks",
					"@loader_path/Frameworks",
				);
				PRODUCT_BUNDLE_IDENTIFIER = com.iba.TestCalUITests;
				PRODUCT_NAME = "$(TARGET_NAME)";
				SWIFT_VERSION = 5.0;
				TARGETED_DEVICE_FAMILY = "1,2";
				TEST_TARGET_NAME = TestCal;
			};
			name = Debug;
		};
		CE5E62A92540667500669091 /* Release */ = {
			isa = XCBuildConfiguration;
			buildSettings = {
				ALWAYS_EMBED_SWIFT_STANDARD_LIBRARIES = YES;
				CODE_SIGN_STYLE = Automatic;
				DEVELOPMENT_TEAM = 46Q4GVBUS8;
				INFOPLIST_FILE = TestCalUITests/Info.plist;
				LD_RUNPATH_SEARCH_PATHS = (
					"$(inherited)",
					"@executable_path/Frameworks",
					"@loader_path/Frameworks",
				);
				PRODUCT_BUNDLE_IDENTIFIER = com.iba.TestCalUITests;
				PRODUCT_NAME = "$(TARGET_NAME)";
				SWIFT_VERSION = 5.0;
				TARGETED_DEVICE_FAMILY = "1,2";
				TEST_TARGET_NAME = TestCal;
			};
			name = Release;
		};
/* End XCBuildConfiguration section */

/* Begin XCConfigurationList section */
		CE5E62772540666C00669091 /* Build configuration list for PBXProject "TestCal" */ = {
			isa = XCConfigurationList;
			buildConfigurations = (
				CE5E629F2540667500669091 /* Debug */,
				CE5E62A02540667500669091 /* Release */,
			);
			defaultConfigurationIsVisible = 0;
			defaultConfigurationName = Release;
		};
		CE5E62A12540667500669091 /* Build configuration list for PBXNativeTarget "TestCal" */ = {
			isa = XCConfigurationList;
			buildConfigurations = (
				CE5E62A22540667500669091 /* Debug */,
				CE5E62A32540667500669091 /* Release */,
			);
			defaultConfigurationIsVisible = 0;
			defaultConfigurationName = Release;
		};
		CE5E62A42540667500669091 /* Build configuration list for PBXNativeTarget "TestCalTests" */ = {
			isa = XCConfigurationList;
			buildConfigurations = (
				CE5E62A52540667500669091 /* Debug */,
				CE5E62A62540667500669091 /* Release */,
			);
			defaultConfigurationIsVisible = 0;
			defaultConfigurationName = Release;
		};
		CE5E62A72540667500669091 /* Build configuration list for PBXNativeTarget "TestCalUITests" */ = {
			isa = XCConfigurationList;
			buildConfigurations = (
				CE5E62A82540667500669091 /* Debug */,
				CE5E62A92540667500669091 /* Release */,
			);
			defaultConfigurationIsVisible = 0;
			defaultConfigurationName = Release;
		};
/* End XCConfigurationList section */

/* Begin XCVersionGroup section */
		7023D02E2590DCA500952B05 /* CoreDataModel.xcdatamodeld */ = {
			isa = XCVersionGroup;
			children = (
				7023D02F2590DCA500952B05 /* CoreDataModel.xcdatamodel */,
			);
			currentVersion = 7023D02F2590DCA500952B05 /* CoreDataModel.xcdatamodel */;
			path = CoreDataModel.xcdatamodeld;
			sourceTree = "<group>";
			versionGroupType = wrapper.xcdatamodel;
		};
/* End XCVersionGroup section */
	};
	rootObject = CE5E62742540666C00669091 /* Project object */;
}
